
Microsoft Visual Studio Solution File, Format Version 12.00
# Visual Studio Version 17
VisualStudioVersion = 17.10.35122.118
MinimumVisualStudioVersion = 10.0.40219.1
Project("{FAE04EC0-301F-11D3-BF4B-00C04F79EFBC}") = "SingleReponsibilityPrinciple", "SingleReponsibilityPrinciple\SingleReponsibilityPrinciple.csproj", "{C3950FFF-099A-4FF6-A331-CBC96A5E7962}"
EndProject
Global
	GlobalSection(SolutionConfigurationPlatforms) = preSolution
		Debug|Any CPU = Debug|Any CPU
		Release|Any CPU = Release|Any CPU
	EndGlobalSection
	GlobalSection(ProjectConfigurationPlatforms) = postSolution
		{C3950FFF-099A-4FF6-A331-CBC96A5E7962}.Debug|Any CPU.ActiveCfg = Debug|Any CPU
		{C3950FFF-099A-4FF6-A331-CBC96A5E7962}.Debug|Any CPU.Build.0 = Debug|Any CPU
		{C3950FFF-099A-4FF6-A331-CBC96A5E7962}.Release|Any CPU.ActiveCfg = Release|Any CPU
		{C3950FFF-099A-4FF6-A331-CBC96A5E7962}.Release|Any CPU.Build.0 = Release|Any CPU
	EndGlobalSection
	GlobalSection(SolutionProperties) = preSolution
		HideSolutionNode = FALSE
	EndGlobalSection
	GlobalSection(ExtensibilityGlobals) = postSolution
		SolutionGuid = {B3ECDDB0-B3E8-4F1E-8783-3206ABF5F00A}
	EndGlobalSection
EndGlobal
