
Microsoft Visual Studio Solution File, Format Version 12.00
# Visual Studio Version 17
VisualStudioVersion = 17.10.35122.118
MinimumVisualStudioVersion = 10.0.40219.1
Project("{FAE04EC0-301F-11D3-BF4B-00C04F79EFBC}") = "InterfaceSegregationPrinciple", "InterfaceSegregationPrinciple\InterfaceSegregationPrinciple.csproj", "{58F1E3B2-FC5F-42C7-B53C-1912D902CD7C}"
EndProject
Global
	GlobalSection(SolutionConfigurationPlatforms) = preSolution
		Debug|Any CPU = Debug|Any CPU
		Release|Any CPU = Release|Any CPU
	EndGlobalSection
	GlobalSection(ProjectConfigurationPlatforms) = postSolution
		{58F1E3B2-FC5F-42C7-B53C-1912D902CD7C}.Debug|Any CPU.ActiveCfg = Debug|Any CPU
		{58F1E3B2-FC5F-42C7-B53C-1912D902CD7C}.Debug|Any CPU.Build.0 = Debug|Any CPU
		{58F1E3B2-FC5F-42C7-B53C-1912D902CD7C}.Release|Any CPU.ActiveCfg = Release|Any CPU
		{58F1E3B2-FC5F-42C7-B53C-1912D902CD7C}.Release|Any CPU.Build.0 = Release|Any CPU
	EndGlobalSection
	GlobalSection(SolutionProperties) = preSolution
		HideSolutionNode = FALSE
	EndGlobalSection
	GlobalSection(ExtensibilityGlobals) = postSolution
		SolutionGuid = {D2A19349-B456-4CAA-96EA-0476A4528D91}
	EndGlobalSection
EndGlobal
