
Microsoft Visual Studio Solution File, Format Version 12.00
# Visual Studio Version 17
VisualStudioVersion = 17.10.35122.118
MinimumVisualStudioVersion = 10.0.40219.1
Project("{FAE04EC0-301F-11D3-BF4B-00C04F79EFBC}") = "OpenClosedPrinciple", "OpenClosedPrinciple\OpenClosedPrinciple.csproj", "{5170693B-131D-42C9-AD71-9EF0E84BB31B}"
EndProject
Global
	GlobalSection(SolutionConfigurationPlatforms) = preSolution
		Debug|Any CPU = Debug|Any CPU
		Release|Any CPU = Release|Any CPU
	EndGlobalSection
	GlobalSection(ProjectConfigurationPlatforms) = postSolution
		{5170693B-131D-42C9-AD71-9EF0E84BB31B}.Debug|Any CPU.ActiveCfg = Debug|Any CPU
		{5170693B-131D-42C9-AD71-9EF0E84BB31B}.Debug|Any CPU.Build.0 = Debug|Any CPU
		{5170693B-131D-42C9-AD71-9EF0E84BB31B}.Release|Any CPU.ActiveCfg = Release|Any CPU
		{5170693B-131D-42C9-AD71-9EF0E84BB31B}.Release|Any CPU.Build.0 = Release|Any CPU
	EndGlobalSection
	GlobalSection(SolutionProperties) = preSolution
		HideSolutionNode = FALSE
	EndGlobalSection
	GlobalSection(ExtensibilityGlobals) = postSolution
		SolutionGuid = {A79473EA-E955-47E8-AD24-635A72BC4312}
	EndGlobalSection
EndGlobal
